
Microsoft Visual Studio Solution File, Format Version 12.00
# Visual Studio Version 17
VisualStudioVersion = 17.5.33516.290
MinimumVisualStudioVersion = 10.0.40219.1
Project("{9A19103F-16F7-4668-BE54-9A1E7A4F7556}") = "CityDiscoverAPI", "CityDiscoverAPI\CityDiscoverAPI.csproj", "{90279E4B-430B-485E-8AE6-C3DCEC8C1A30}"
EndProject
Project("{2150E333-8FDC-42A3-9474-1A3956D46DE8}") = "Infraestructura", "Infraestructura", "{56EFAD8E-0BAE-42DC-99F4-3E2100324B95}"
EndProject
Project("{2150E333-8FDC-42A3-9474-1A3956D46DE8}") = "Aplicacion", "Aplicacion", "{697EA32A-1C87-4302-B50F-1A391FDD1508}"
EndProject
Project("{2150E333-8FDC-42A3-9474-1A3956D46DE8}") = "Dominio", "Dominio", "{622F9ACB-68C3-4225-B81D-785CFDAD32DD}"
EndProject
Project("{9A19103F-16F7-4668-BE54-9A1E7A4F7556}") = "CityDiscoverDom", "CityDiscoverDom\CityDiscoverDom.csproj", "{1BA4A15B-296F-414B-9189-7518C144A71E}"
EndProject
Project("{9A19103F-16F7-4668-BE54-9A1E7A4F7556}") = "CityDiscoverApli", "CityDiscoverApli\CityDiscoverApli.csproj", "{EF1033A6-0184-4A1D-A973-2BC61715E85A}"
EndProject
Project("{9A19103F-16F7-4668-BE54-9A1E7A4F7556}") = "CityDiscoverDTO", "CityDiscoverDTO\CityDiscoverDTO.csproj", "{94664A29-98EE-4EE7-B8C5-AC7346ADD9DC}"
EndProject
Project("{FAE04EC0-301F-11D3-BF4B-00C04F79EFBC}") = "CityDiscoverSQL", "CityDiscoverSQL\CityDiscoverSQL.csproj", "{E9386823-7DA0-4112-B83C-9D0B650E0814}"
EndProject
Project("{FAE04EC0-301F-11D3-BF4B-00C04F79EFBC}") = "CityDiscoverOper", "CityDiscoverOper\CityDiscoverOper.csproj", "{CC4E44EF-5179-43F1-A1E9-BA7FA700C691}"
EndProject
Global
	GlobalSection(SolutionConfigurationPlatforms) = preSolution
		Debug|Any CPU = Debug|Any CPU
		Release|Any CPU = Release|Any CPU
	EndGlobalSection
	GlobalSection(ProjectConfigurationPlatforms) = postSolution
		{90279E4B-430B-485E-8AE6-C3DCEC8C1A30}.Debug|Any CPU.ActiveCfg = Debug|Any CPU
		{90279E4B-430B-485E-8AE6-C3DCEC8C1A30}.Debug|Any CPU.Build.0 = Debug|Any CPU
		{90279E4B-430B-485E-8AE6-C3DCEC8C1A30}.Release|Any CPU.ActiveCfg = Release|Any CPU
		{90279E4B-430B-485E-8AE6-C3DCEC8C1A30}.Release|Any CPU.Build.0 = Release|Any CPU
		{1BA4A15B-296F-414B-9189-7518C144A71E}.Debug|Any CPU.ActiveCfg = Debug|Any CPU
		{1BA4A15B-296F-414B-9189-7518C144A71E}.Debug|Any CPU.Build.0 = Debug|Any CPU
		{1BA4A15B-296F-414B-9189-7518C144A71E}.Release|Any CPU.ActiveCfg = Release|Any CPU
		{1BA4A15B-296F-414B-9189-7518C144A71E}.Release|Any CPU.Build.0 = Release|Any CPU
		{EF1033A6-0184-4A1D-A973-2BC61715E85A}.Debug|Any CPU.ActiveCfg = Debug|Any CPU
		{EF1033A6-0184-4A1D-A973-2BC61715E85A}.Debug|Any CPU.Build.0 = Debug|Any CPU
		{EF1033A6-0184-4A1D-A973-2BC61715E85A}.Release|Any CPU.ActiveCfg = Release|Any CPU
		{EF1033A6-0184-4A1D-A973-2BC61715E85A}.Release|Any CPU.Build.0 = Release|Any CPU
		{94664A29-98EE-4EE7-B8C5-AC7346ADD9DC}.Debug|Any CPU.ActiveCfg = Debug|Any CPU
		{94664A29-98EE-4EE7-B8C5-AC7346ADD9DC}.Debug|Any CPU.Build.0 = Debug|Any CPU
		{94664A29-98EE-4EE7-B8C5-AC7346ADD9DC}.Release|Any CPU.ActiveCfg = Release|Any CPU
		{94664A29-98EE-4EE7-B8C5-AC7346ADD9DC}.Release|Any CPU.Build.0 = Release|Any CPU
		{E9386823-7DA0-4112-B83C-9D0B650E0814}.Debug|Any CPU.ActiveCfg = Debug|Any CPU
		{E9386823-7DA0-4112-B83C-9D0B650E0814}.Debug|Any CPU.Build.0 = Debug|Any CPU
		{E9386823-7DA0-4112-B83C-9D0B650E0814}.Release|Any CPU.ActiveCfg = Release|Any CPU
		{E9386823-7DA0-4112-B83C-9D0B650E0814}.Release|Any CPU.Build.0 = Release|Any CPU
		{CC4E44EF-5179-43F1-A1E9-BA7FA700C691}.Debug|Any CPU.ActiveCfg = Debug|Any CPU
		{CC4E44EF-5179-43F1-A1E9-BA7FA700C691}.Debug|Any CPU.Build.0 = Debug|Any CPU
		{CC4E44EF-5179-43F1-A1E9-BA7FA700C691}.Release|Any CPU.ActiveCfg = Release|Any CPU
		{CC4E44EF-5179-43F1-A1E9-BA7FA700C691}.Release|Any CPU.Build.0 = Release|Any CPU
	EndGlobalSection
	GlobalSection(SolutionProperties) = preSolution
		HideSolutionNode = FALSE
	EndGlobalSection
	GlobalSection(NestedProjects) = preSolution
		{90279E4B-430B-485E-8AE6-C3DCEC8C1A30} = {56EFAD8E-0BAE-42DC-99F4-3E2100324B95}
		{1BA4A15B-296F-414B-9189-7518C144A71E} = {622F9ACB-68C3-4225-B81D-785CFDAD32DD}
		{EF1033A6-0184-4A1D-A973-2BC61715E85A} = {697EA32A-1C87-4302-B50F-1A391FDD1508}
		{94664A29-98EE-4EE7-B8C5-AC7346ADD9DC} = {56EFAD8E-0BAE-42DC-99F4-3E2100324B95}
		{E9386823-7DA0-4112-B83C-9D0B650E0814} = {56EFAD8E-0BAE-42DC-99F4-3E2100324B95}
		{CC4E44EF-5179-43F1-A1E9-BA7FA700C691} = {56EFAD8E-0BAE-42DC-99F4-3E2100324B95}
	EndGlobalSection
	GlobalSection(ExtensibilityGlobals) = postSolution
		SolutionGuid = {4323B0DF-846E-4762-B122-0DA388C50EEA}
	EndGlobalSection
EndGlobal
